# This file is automatically @generated by Cargo.
# It is not intended for manual editing.
version = 4

[[package]]
name = "atomic-polyfill"
version = "1.0.3"
source = "registry+https://github.com/rust-lang/crates.io-index"
checksum = "8cf2bce30dfe09ef0bfaef228b9d414faaf7e563035494d7fe092dba54b300f4"
dependencies = [
 "critical-section",
]

[[package]]
name = "base16ct"
version = "1.0.0"
source = "registry+https://github.com/rust-lang/crates.io-index"
checksum = "fd307490d624467aa6f74b0eabb77633d1f758a7b25f12bceb0b22e08d9726f6"

[[package]]
name = "block-buffer"
version = "0.12.1"
source = "registry+https://github.com/rust-lang/crates.io-index"
checksum = "d2f6c7dbe95a6ed67ad9f18e57daf93a2f034c524b99fd2b76d18fdfeb6660aa"
dependencies = [
 "hybrid-array",
]

[[package]]
name = "bumpalo"
version = "3.20.3"
source = "registry+https://github.com/rust-lang/crates.io-index"
checksum = "72f5acc6cb2ba439de613abc23857ec3d78374d8ed5ac84e9d11336e87da8649"

[[package]]
name = "byteorder"
version = "1.5.0"
source = "registry+https://github.com/rust-lang/crates.io-index"
checksum = "1fd0f2584146f6f2ef48085050886acf353beff7305ebd1ae69500e27c67f64b"

[[package]]
name = "cfg-if"
version = "1.0.4"
source = "registry+https://github.com/rust-lang/crates.io-index"
checksum = "9330f8b2ff13f34540b44e946ef35111825727b38d33286ef986142615121801"

[[package]]
name = "chacha20"
version = "0.10.2"
source = "registry+https://github.com/rust-lang/crates.io-index"
checksum = "65c35e4b699c7e15ccbe7ee35c005e4fc0a278d22238a2857e6ce2dadeda1b06"
dependencies = [
 "cfg-if",
 "cpufeatures",
 "rand_core",
]

[[package]]
name = "cobs"
version = "0.3.0"
source = "registry+https://github.com/rust-lang/crates.io-index"
checksum = "0fa961b519f0b462e3a3b4a34b64d119eeaca1d59af726fe450bbba07a9fc0a1"
dependencies = [
 "thiserror",
]

[[package]]
name = "convert_case"
version = "0.10.0"
source = "registry+https://github.com/rust-lang/crates.io-index"
checksum = "633458d4ef8c78b72454de2d54fd6ab2e60f9e02be22f3c6104cdc8a4e0fceb9"
dependencies = [
 "unicode-segmentation",
]

[[package]]
name = "cpufeatures"
version = "0.3.1"
source = "registry+https://github.com/rust-lang/crates.io-index"
checksum = "5ca28b0ae3115b884660db4118d803791fd6756b6e88f39c0f3f7859060d7566"
dependencies = [
 "libc",
]

[[package]]
name = "critical-section"
version = "1.2.0"
source = "registry+https://github.com/rust-lang/crates.io-index"
checksum = "790eea4361631c5e7d22598ecd5723ff611904e3344ce8720784c93e3d83d40b"

[[package]]
name = "crypto-common"
version = "0.2.2"
source = "registry+https://github.com/rust-lang/crates.io-index"
checksum = "ce6e4c961d6cd6c9a86db418387425e8bdeaf05b3c8bc1411e6dca4c252f1453"
dependencies = [
 "hybrid-array",
 "rand_core",
]

[[package]]
name = "curve25519-dalek"
version = "5.0.0"
source = "registry+https://github.com/rust-lang/crates.io-index"
checksum = "b5eed333089e2e1c1ac8c6c0398e5e2497b4c9926ca6d0365ed1e099afa5bc23"
dependencies = [
 "cfg-if",
 "cpufeatures",
 "curve25519-dalek-derive",
 "digest",
 "fiat-crypto",
 "rand_core",
 "rustc_version",
 "serde",
 "subtle",
 "zeroize",
]

[[package]]
name = "curve25519-dalek-derive"
version = "0.1.1"
source = "registry+https://github.com/rust-lang/crates.io-index"
checksum = "f46882e17999c6cc590af592290432be3bce0428cb0d5f8b6715e4dc7b383eb3"
dependencies = [
 "proc-macro2",
 "quote",
 "syn 2.0.119",
]

[[package]]
name = "data-encoding"
version = "2.11.1"
source = "registry+https://github.com/rust-lang/crates.io-index"
checksum = "4583a4551df46e2792f82ceeac45e850d2e2d5debba0b91f102385cda5b11f06"

[[package]]
name = "data-encoding-macro"
version = "0.1.21"
source = "registry+https://github.com/rust-lang/crates.io-index"
checksum = "c6a127ecbb3c4632e1525380e04c0c3fcf8dcb44d32a79ea290d8a36906edcd8"
dependencies = [
 "data-encoding",
 "data-encoding-macro-internal",
]

[[package]]
name = "data-encoding-macro-internal"
version = "0.1.19"
source = "registry+https://github.com/rust-lang/crates.io-index"
checksum = "c54e03a951783e8b327515db3f2a2fd0e3bed362a96b066f341ce66ed49b4ead"
dependencies = [
 "data-encoding",
 "syn 3.0.5",
]

[[package]]
name = "derive_more"
version = "2.1.1"
source = "registry+https://github.com/rust-lang/crates.io-index"
checksum = "d751e9e49156b02b44f9c1815bcb94b984cdcc4396ecc32521c739452808b134"
dependencies = [
 "derive_more-impl",
]

[[package]]
name = "derive_more-impl"
version = "2.1.1"
source = "registry+https://github.com/rust-lang/crates.io-index"
checksum = "799a97264921d8623a957f6c3b9011f3b5492f557bbb7a5a19b7fa6d06ba8dcb"
dependencies = [
 "convert_case",
 "proc-macro2",
 "quote",
 "rustc_version",
 "syn 2.0.119",
 "unicode-xid",
]

[[package]]
name = "digest"
version = "0.11.3"
source = "registry+https://github.com/rust-lang/crates.io-index"
checksum = "f1dd6dbb5841937940781866fa1281a1ff7bd3bf827091440879f9994983d5c2"
dependencies = [
 "block-buffer",
 "crypto-common",
]

[[package]]
name = "displaydoc"
version = "0.2.7"
source = "registry+https://github.com/rust-lang/crates.io-index"
checksum = "c6232dd377dcc64799954cbd3a9bb882e9cdc1308ccd87b1c098f1fb2eaf82a8"
dependencies = [
 "proc-macro2",
 "quote",
 "syn 3.0.5",
]

[[package]]
name = "ed25519"
version = "3.0.0"
source = "registry+https://github.com/rust-lang/crates.io-index"
checksum = "29fcf32e6c73d1079f83ab4d782de2d81620346a5f38c6237a86a22f8368980a"
dependencies = [
 "serdect",
 "signature",
]

[[package]]
name = "ed25519-dalek"
version = "3.0.0"
source = "registry+https://github.com/rust-lang/crates.io-index"
checksum = "6ebaa1a2bf1290ab3bfe5a7b771d050ebffab2711c19a81691c683a5144a25de"
dependencies = [
 "curve25519-dalek",
 "ed25519",
 "rand_core",
 "serde",
 "sha2",
 "signature",
 "subtle",
 "zeroize",
]

[[package]]
name = "embedded-io"
version = "0.4.0"
source = "registry+https://github.com/rust-lang/crates.io-index"
checksum = "ef1a6892d9eef45c8fa6b9e0086428a2cca8491aca8f787c534a3d6d0bcb3ced"

[[package]]
name = "embedded-io"
version = "0.6.1"
source = "registry+https://github.com/rust-lang/crates.io-index"
checksum = "edd0f118536f44f5ccd48bcb8b111bdc3de888b58c74639dfb034a357d0f206d"

[[package]]
name = "fiat-crypto"
version = "0.3.0"
source = "registry+https://github.com/rust-lang/crates.io-index"
checksum = "64cd1e32ddd350061ae6edb1b082d7c54915b5c672c389143b9a63403a109f24"

[[package]]
name = "form_urlencoded"
version = "1.2.2"
source = "registry+https://github.com/rust-lang/crates.io-index"
checksum = "cb4cb245038516f5f85277875cdaa4f7d2c9a0fa0468de06ed190163b1581fcf"
dependencies = [
 "percent-encoding",
]

[[package]]
name = "getrandom"
version = "0.4.3"
source = "registry+https://github.com/rust-lang/crates.io-index"
checksum = "300e883d756b2e4ec94e02791f39b04b522276138852cfc41d9fb7e904106099"
dependencies = [
 "cfg-if",
 "js-sys",
 "libc",
 "r-efi",
 "rand_core",
 "wasm-bindgen",
]

[[package]]
name = "go-iroh-custom-addr"
version = "0.0.0"
dependencies = [
 "data-encoding",
 "iroh-base",
 "iroh-tickets",
 "serde",
 "serde_json",
]

[[package]]
name = "hash32"
version = "0.2.1"
source = "registry+https://github.com/rust-lang/crates.io-index"
checksum = "b0c35f58762feb77d74ebe43bdbc3210f09be9fe6742234d573bacc26ed92b67"
dependencies = [
 "byteorder",
]

[[package]]
name = "heapless"
version = "0.7.17"
source = "registry+https://github.com/rust-lang/crates.io-index"
checksum = "cdc6457c0eb62c71aac4bc17216026d8410337c4126773b9c5daba343f17964f"
dependencies = [
 "atomic-polyfill",
 "hash32",
 "rustc_version",
 "serde",
 "spin",
 "stable_deref_trait",
]

[[package]]
name = "hybrid-array"
version = "0.4.15"
source = "registry+https://github.com/rust-lang/crates.io-index"
checksum = "27f864f10dfb56725ce5ce5472bc52252c8f93a4ab86327122cebf62c5f59a17"
dependencies = [
 "typenum",
]

[[package]]
name = "icu_collections"
version = "2.3.0"
source = "registry+https://github.com/rust-lang/crates.io-index"
checksum = "fa68d21081c4a05d5a901a1c62add574c77048b6a1c67be3b50ce0b60d4ca513"
dependencies = [
 "displaydoc",
 "potential_utf",
 "utf8_iter",
 "yoke",
 "zerofrom",
 "zerovec",
]

[[package]]
name = "icu_locale_core"
version = "2.3.0"
source = "registry+https://github.com/rust-lang/crates.io-index"
checksum = "d56e28588da92eee5c3201a6eff33fabdd49b62269c8938d4ff050ce4d900deb"
dependencies = [
 "displaydoc",
 "litemap",
 "tinystr",
 "writeable",
 "zerovec",
]

[[package]]
name = "icu_normalizer"
version = "2.3.0"
source = "registry+https://github.com/rust-lang/crates.io-index"
checksum = "12f9cf5f235641ed274641dd81c3f28d870e276763d0797aeeab72317b1c646f"
dependencies = [
 "icu_collections",
 "icu_normalizer_data",
 "icu_properties",
 "icu_provider",
 "smallvec",
 "zerovec",
]

[[package]]
name = "icu_normalizer_data"
version = "2.3.0"
source = "registry+https://github.com/rust-lang/crates.io-index"
checksum = "1563da1ed3e0b3bf3d74c9b85917ac9c56464d2f57242270c09c9e752f8021a0"

[[package]]
name = "icu_properties"
version = "2.3.0"
source = "registry+https://github.com/rust-lang/crates.io-index"
checksum = "7e7ca276ad3145661a65914e6daf131ca5120cd3dcee8f8f3214b8875184a148"
dependencies = [
 "displaydoc",
 "icu_collections",
 "icu_locale_core",
 "icu_properties_data",
 "icu_provider",
 "zerotrie",
 "zerovec",
]

[[package]]
name = "icu_properties_data"
version = "2.3.0"
source = "registry+https://github.com/rust-lang/crates.io-index"
checksum = "e590f038c1464a96894fd6d10127e90a8be4509f56ff7ecef851b15cee0b7caa"

[[package]]
name = "icu_provider"
version = "2.3.1"
source = "registry+https://github.com/rust-lang/crates.io-index"
checksum = "d27bbb9d3abbefac45d55f647c9de1d44aafcd1186eb91879afef17c396c3e73"
dependencies = [
 "displaydoc",
 "icu_locale_core",
 "writeable",
 "yoke",
 "zerofrom",
 "zerotrie",
 "zerovec",
]

[[package]]
name = "idna"
version = "1.1.0"
source = "registry+https://github.com/rust-lang/crates.io-index"
checksum = "3b0875f23caa03898994f6ddc501886a45c7d3d62d04d2d90788d47be1b1e4de"
dependencies = [
 "idna_adapter",
 "smallvec",
 "utf8_iter",
]

[[package]]
name = "idna_adapter"
version = "1.2.2"
source = "registry+https://github.com/rust-lang/crates.io-index"
checksum = "cb68373c0d6620ef8105e855e7745e18b0d00d3bdb07fb532e434244cdb9a714"
dependencies = [
 "icu_normalizer",
 "icu_properties",
]

[[package]]
name = "iroh-base"
version = "1.2.0"
dependencies = [
 "curve25519-dalek",
 "data-encoding",
 "data-encoding-macro",
 "derive_more",
 "ed25519-dalek",
 "getrandom",
 "n0-error",
 "rand",
 "serde",
 "url",
 "zeroize",
]

[[package]]
name = "iroh-tickets"
version = "1.0.0"
source = "registry+https://github.com/rust-lang/crates.io-index"
checksum = "da53233419ca36bf521ed45683b7748366f9b233032891eefc2d70567a84ac54"
dependencies = [
 "data-encoding",
 "derive_more",
 "iroh-base",
 "n0-error",
 "postcard",
 "serde",
]

[[package]]
name = "itoa"
version = "1.0.18"
source = "registry+https://github.com/rust-lang/crates.io-index"
checksum = "8f42a60cbdf9a97f5d2305f08a87dc4e09308d1276d28c869c684d7777685682"

[[package]]
name = "js-sys"
version = "0.3.105"
source = "registry+https://github.com/rust-lang/crates.io-index"
checksum = "ce57d20d1ea864ce2ac172ab472d409214f4fd359f0b2a2775abdf522e2af99e"
dependencies = [
 "cfg-if",
 "wasm-bindgen",
]

[[package]]
name = "libc"
version = "0.2.189"
source = "registry+https://github.com/rust-lang/crates.io-index"
checksum = "3eaf3ede3fee6db1a4c2ee091bf8a8b4dccdc6d17f656fb07896ee72867612f2"

[[package]]
name = "litemap"
version = "0.8.3"
source = "registry+https://github.com/rust-lang/crates.io-index"
checksum = "47d9d19d1d6efa0109d2f65ff4c85cddd50bd572e5a00127ab10987290bcefae"

[[package]]
name = "lock_api"
version = "0.4.14"
source = "registry+https://github.com/rust-lang/crates.io-index"
checksum = "224399e74b87b5f3557511d98dff8b14089b3dadafcab6bb93eab67d3aace965"
dependencies = [
 "scopeguard",
]

[[package]]
name = "memchr"
version = "2.8.3"
source = "registry+https://github.com/rust-lang/crates.io-index"
checksum = "cf8baf1c55e62ffcace7a9f06f4bd9cd3f0c4beb022d3b367256b91b87513d98"

[[package]]
name = "n0-error"
version = "1.0.1"
source = "registry+https://github.com/rust-lang/crates.io-index"
checksum = "26c59ea174675ce6bc196878851e5049e11b8b1f9af3ba87e4d6df8d828bb001"
dependencies = [
 "n0-error-macros",
 "spez",
]

[[package]]
name = "n0-error-macros"
version = "1.0.1"
source = "registry+https://github.com/rust-lang/crates.io-index"
checksum = "4412346410d6616f3668c40e53c298e5320c7b856f7a960e5914e442601be79f"
dependencies = [
 "proc-macro2",
 "quote",
 "syn 2.0.119",
]

[[package]]
name = "once_cell"
version = "1.21.4"
source = "registry+https://github.com/rust-lang/crates.io-index"
checksum = "9f7c3e4beb33f85d45ae3e3a1792185706c8e16d043238c593331cc7cd313b50"

[[package]]
name = "percent-encoding"
version = "2.3.2"
source = "registry+https://github.com/rust-lang/crates.io-index"
checksum = "9b4f627cb1b25917193a259e49bdad08f671f8d9708acfd5fe0a8c1455d87220"

[[package]]
name = "postcard"
version = "1.1.3"
source = "registry+https://github.com/rust-lang/crates.io-index"
checksum = "6764c3b5dd454e283a30e6dfe78e9b31096d9e32036b5d1eaac7a6119ccb9a24"
dependencies = [
 "cobs",
 "embedded-io 0.4.0",
 "embedded-io 0.6.1",
 "heapless",
 "serde",
]

[[package]]
name = "potential_utf"
version = "0.1.6"
source = "registry+https://github.com/rust-lang/crates.io-index"
checksum = "d83eb9bc6d8e5cf568e7a1101d60ee05e81ed50ea106026f3d18deeb046d7661"
dependencies = [
 "zerovec",
]

[[package]]
name = "proc-macro2"
version = "1.0.107"
source = "registry+https://github.com/rust-lang/crates.io-index"
checksum = "985e7ec9bb745e6ce6535b544d84d6cd6f7ad8bd711c398938ae983b91a766d9"
dependencies = [
 "unicode-ident",
]

[[package]]
name = "quote"
version = "1.0.47"
source = "registry+https://github.com/rust-lang/crates.io-index"
checksum = "1fbf4db142a473a8d80c26bbf18454ed458bf8d26c8219c331daecfdbd079001"
dependencies = [
 "proc-macro2",
]

[[package]]
name = "r-efi"
version = "6.0.0"
source = "registry+https://github.com/rust-lang/crates.io-index"
checksum = "f8dcc9c7d52a811697d2151c701e0d08956f92b0e24136cf4cf27b57a6a0d9bf"

[[package]]
name = "rand"
version = "0.10.2"
source = "registry+https://github.com/rust-lang/crates.io-index"
checksum = "c7f5fa3a058cd35567ef9bfa5e75732bee0f9e4c55fa90477bef2dfcdbc4be80"
dependencies = [
 "chacha20",
 "getrandom",
 "rand_core",
]

[[package]]
name = "rand_core"
version = "0.10.1"
source = "registry+https://github.com/rust-lang/crates.io-index"
checksum = "63b8176103e19a2643978565ca18b50549f6101881c443590420e4dc998a3c69"

[[package]]
name = "rustc_version"
version = "0.4.1"
source = "registry+https://github.com/rust-lang/crates.io-index"
checksum = "cfcb3a22ef46e85b45de6ee7e79d063319ebb6594faafcf1c225ea92ab6e9b92"
dependencies = [
 "semver",
]

[[package]]
name = "rustversion"
version = "1.0.23"
source = "registry+https://github.com/rust-lang/crates.io-index"
checksum = "cf54715a573b99ac80df0bc206da022bcd442c974952c7b9720069370852e21f"

[[package]]
name = "scopeguard"
version = "1.2.0"
source = "registry+https://github.com/rust-lang/crates.io-index"
checksum = "94143f37725109f92c262ed2cf5e59bce7498c01bcc1502d7b9afe439a4e9f49"

[[package]]
name = "semver"
version = "1.0.28"
source = "registry+https://github.com/rust-lang/crates.io-index"
checksum = "8a7852d02fc848982e0c167ef163aaff9cd91dc640ba85e263cb1ce46fae51cd"

[[package]]
name = "serde"
version = "1.0.229"
source = "registry+https://github.com/rust-lang/crates.io-index"
checksum = "4148590afebada386688f18773da617792bf2ef03ffc1e4cbd2b1d45b023e0ba"
dependencies = [
 "serde_core",
 "serde_derive",
]

[[package]]
name = "serde_core"
version = "1.0.229"
source = "registry+https://github.com/rust-lang/crates.io-index"
checksum = "67dca2c9c51e58a4791a4b1ed58308b39c64224d349a935ab5039aa360942a48"
dependencies = [
 "serde_derive",
]

[[package]]
name = "serde_derive"
version = "1.0.229"
source = "registry+https://github.com/rust-lang/crates.io-index"
checksum = "e7a5d71263a5a7d47b41f6b3f06ba276f10cc18b0931f1799f710578e2309348"
dependencies = [
 "proc-macro2",
 "quote",
 "syn 3.0.5",
]

[[package]]
name = "serde_json"
version = "1.0.151"
source = "registry+https://github.com/rust-lang/crates.io-index"
checksum = "c841b55ecdae098c80dcae9cf767f6f8a0c2cdb3416bbef72181df4d0fe73f14"
dependencies = [
 "itoa",
 "memchr",
 "serde",
 "serde_core",
 "zmij",
]

[[package]]
name = "serdect"
version = "0.4.3"
source = "registry+https://github.com/rust-lang/crates.io-index"
checksum = "66cf8fedced2fcf12406bcb34223dffb92eaf34908ede12fed414c82b7f00b3e"
dependencies = [
 "base16ct",
 "serde",
]

[[package]]
name = "sha2"
version = "0.11.0"
source = "registry+https://github.com/rust-lang/crates.io-index"
checksum = "446ba717509524cb3f22f17ecc096f10f4822d76ab5c0b9822c5f9c284e825f4"
dependencies = [
 "cfg-if",
 "cpufeatures",
 "digest",
]

[[package]]
name = "signature"
version = "3.0.0"
source = "registry+https://github.com/rust-lang/crates.io-index"
checksum = "28d567dcbaf0049cb8ac2608a76cd95ff9e4412e1899d389ee400918ca7537f5"
dependencies = [
 "rand_core",
]

[[package]]
name = "smallvec"
version = "1.16.1"
source = "registry+https://github.com/rust-lang/crates.io-index"
checksum = "ba467056f1b547ed52077911161fc86985becbc60e8e1857c8a144dab0def891"

[[package]]
name = "spez"
version = "0.1.2"
source = "registry+https://github.com/rust-lang/crates.io-index"
checksum = "c87e960f4dca2788eeb86bbdde8dd246be8948790b7618d656e68f9b720a86e8"
dependencies = [
 "proc-macro2",
 "quote",
 "syn 2.0.119",
]

[[package]]
name = "spin"
version = "0.9.9"
source = "registry+https://github.com/rust-lang/crates.io-index"
checksum = "3763264f6b73151db08c50ff20d7d8a0b8796e021cdea7ceedad07b80155fa0e"
dependencies = [
 "lock_api",
]

[[package]]
name = "stable_deref_trait"
version = "1.2.1"
source = "registry+https://github.com/rust-lang/crates.io-index"
checksum = "6ce2be8dc25455e1f91df71bfa12ad37d7af1092ae736f3a6cd0e37bc7810596"

[[package]]
name = "subtle"
version = "2.6.1"
source = "registry+https://github.com/rust-lang/crates.io-index"
checksum = "13c2bddecc57b384dee18652358fb23172facb8a2c51ccc10d74c157bdea3292"

[[package]]
name = "syn"
version = "2.0.119"
source = "registry+https://github.com/rust-lang/crates.io-index"
checksum = "872831b642d1a07999a962a351ed35b955ea2cfc8f3862091e2a240a84f17297"
dependencies = [
 "proc-macro2",
 "quote",
 "unicode-ident",
]

[[package]]
name = "syn"
version = "3.0.5"
source = "registry+https://github.com/rust-lang/crates.io-index"
checksum = "12df2e0110f65b775f769bb17ef989067a1d931b2eb822bd4346631eeada89f9"
dependencies = [
 "proc-macro2",
 "quote",
 "unicode-ident",
]

[[package]]
name = "synstructure"
version = "0.13.2"
source = "registry+https://github.com/rust-lang/crates.io-index"
checksum = "728a70f3dbaf5bab7f0c4b1ac8d7ae5ea60a4b5549c8a5914361c99147a709d2"
dependencies = [
 "proc-macro2",
 "quote",
 "syn 2.0.119",
]

[[package]]
name = "thiserror"
version = "2.0.20"
source = "registry+https://github.com/rust-lang/crates.io-index"
checksum = "ec86235f5fcc2a73650310756d2ac5b138a5780bbbdfae3eeccec992c435ba4f"
dependencies = [
 "thiserror-impl",
]

[[package]]
name = "thiserror-impl"
version = "2.0.20"
source = "registry+https://github.com/rust-lang/crates.io-index"
checksum = "bc04cd3e1236dd4a98afca4569f2deb3f120e5422a4023be2cb683f8486292af"
dependencies = [
 "proc-macro2",
 "quote",
 "syn 3.0.5",
]

[[package]]
name = "tinystr"
version = "0.8.4"
source = "registry+https://github.com/rust-lang/crates.io-index"
checksum = "b1e27c91459209c2986af3dcf603a5a74a4368754ce37414f59acc971167f643"
dependencies = [
 "displaydoc",
 "zerovec",
]

[[package]]
name = "typenum"
version = "1.20.1"
source = "registry+https://github.com/rust-lang/crates.io-index"
checksum = "b6f5e870be6c3b371b77fe0ee0bafb859fa4964b4404c27de1d380043c4dda20"

[[package]]
name = "unicode-ident"
version = "1.0.24"
source = "registry+https://github.com/rust-lang/crates.io-index"
checksum = "e6e4313cd5fcd3dad5cafa179702e2b244f760991f45397d14d4ebf38247da75"

[[package]]
name = "unicode-segmentation"
version = "1.13.3"
source = "registry+https://github.com/rust-lang/crates.io-index"
checksum = "c6f5d3c3b1bf09027a88a6bc961fc00497d651009560b5463668dc81b0fa87a8"

[[package]]
name = "unicode-xid"
version = "0.2.6"
source = "registry+https://github.com/rust-lang/crates.io-index"
checksum = "ebc1c04c71510c7f702b52b7c350734c9ff1295c464a03335b00bb84fc54f853"

[[package]]
name = "url"
version = "2.5.8"
source = "registry+https://github.com/rust-lang/crates.io-index"
checksum = "ff67a8a4397373c3ef660812acab3268222035010ab8680ec4215f38ba3d0eed"
dependencies = [
 "form_urlencoded",
 "idna",
 "percent-encoding",
 "serde",
 "serde_derive",
]

[[package]]
name = "utf8_iter"
version = "1.0.4"
source = "registry+https://github.com/rust-lang/crates.io-index"
checksum = "b6c140620e7ffbb22c2dee59cafe6084a59b5ffc27a8859a5f0d494b5d52b6be"

[[package]]
name = "wasm-bindgen"
version = "0.2.128"
source = "registry+https://github.com/rust-lang/crates.io-index"
checksum = "aecb87a33d3b0c5e3b7aa46336eaf486cffafbd281b195e4c8b80d50df2351bf"
dependencies = [
 "cfg-if",
 "once_cell",
 "rustversion",
 "wasm-bindgen-macro",
 "wasm-bindgen-shared",
]

[[package]]
name = "wasm-bindgen-macro"
version = "0.2.128"
source = "registry+https://github.com/rust-lang/crates.io-index"
checksum = "a690d511e3c1a8b3a55e33511e3c2c00c78415cd23650f32b808627f5696b9ed"
dependencies = [
 "quote",
 "wasm-bindgen-macro-support",
]

[[package]]
name = "wasm-bindgen-macro-support"
version = "0.2.128"
source = "registry+https://github.com/rust-lang/crates.io-index"
checksum = "411e4887f0071ef2d2164a9d5fdf2d20efbef78fccd3a78b0c10a1dc5295e48a"
dependencies = [
 "bumpalo",
 "proc-macro2",
 "quote",
 "syn 3.0.5",
 "wasm-bindgen-shared",
]

[[package]]
name = "wasm-bindgen-shared"
version = "0.2.128"
source = "registry+https://github.com/rust-lang/crates.io-index"
checksum = "81941cd78d0c92026c33e5e01312845a4cb1e9af3407f9134b100dd03144103e"
dependencies = [
 "unicode-ident",
]

[[package]]
name = "writeable"
version = "0.6.4"
source = "registry+https://github.com/rust-lang/crates.io-index"
checksum = "3ad82d2a33cdc9674dc7465672f271e096168fcdbe0f799d9e6db8c5892679dc"

[[package]]
name = "yoke"
version = "0.8.3"
source = "registry+https://github.com/rust-lang/crates.io-index"
checksum = "709fe23a0424b6a435d82152b1bd3fdfb0833487d5fa90d05d42762a9891fef5"
dependencies = [
 "stable_deref_trait",
 "yoke-derive",
 "zerofrom",
]

[[package]]
name = "yoke-derive"
version = "0.8.2"
source = "registry+https://github.com/rust-lang/crates.io-index"
checksum = "de844c262c8848816172cef550288e7dc6c7b7814b4ee56b3e1553f275f1858e"
dependencies = [
 "proc-macro2",
 "quote",
 "syn 2.0.119",
 "synstructure",
]

[[package]]
name = "zerofrom"
version = "0.1.8"
source = "registry+https://github.com/rust-lang/crates.io-index"
checksum = "0ec05a11813ea801ff6d75110ad09cd0824ddba17dfe17128ea0d5f68e6c5272"
dependencies = [
 "zerofrom-derive",
]

[[package]]
name = "zerofrom-derive"
version = "0.1.7"
source = "registry+https://github.com/rust-lang/crates.io-index"
checksum = "11532158c46691caf0f2593ea8358fed6bbf68a0315e80aae9bd41fbade684a1"
dependencies = [
 "proc-macro2",
 "quote",
 "syn 2.0.119",
 "synstructure",
]

[[package]]
name = "zeroize"
version = "1.9.0"
source = "registry+https://github.com/rust-lang/crates.io-index"
checksum = "e13c156562582aa81c60cb29407084cdb54c4164760106ab78e6c5b0858cf64e"
dependencies = [
 "zeroize_derive",
]

[[package]]
name = "zeroize_derive"
version = "1.5.0"
source = "registry+https://github.com/rust-lang/crates.io-index"
checksum = "3c50655cbb0fe3fc43170059e702f1ce5e19b84cec58dc87b037a09935c2f328"
dependencies = [
 "proc-macro2",
 "quote",
 "syn 2.0.119",
]

[[package]]
name = "zerotrie"
version = "0.2.5"
source = "registry+https://github.com/rust-lang/crates.io-index"
checksum = "4ea269c3bd32f0a32c321907a2ae912ba6f4649bb0fc764a15627e99a7095a3f"
dependencies = [
 "displaydoc",
 "yoke",
 "zerofrom",
]

[[package]]
name = "zerovec"
version = "0.11.8"
source = "registry+https://github.com/rust-lang/crates.io-index"
checksum = "bb0464e17806c1d976d5cba29399c7f08e516e279e2ba493f63123b5fca67dd8"
dependencies = [
 "yoke",
 "zerofrom",
 "zerovec-derive",
]

[[package]]
name = "zerovec-derive"
version = "0.11.6"
source = "registry+https://github.com/rust-lang/crates.io-index"
checksum = "34df6fc39dbd26ddc9c10e6a2984476e13acce22e64e4487636ef494369225da"
dependencies = [
 "proc-macro2",
 "quote",
 "syn 3.0.5",
]

[[package]]
name = "zmij"
version = "1.0.23"
source = "registry+https://github.com/rust-lang/crates.io-index"
checksum = "29666d0abbfad1e3dc4dcf6144730dd3a3ab225bbbdac83319345b1b44ccfc1b"
